
Microsoft Visual Studio Solution File, Format Version 12.00
Project("{FAE04EC0-301F-11D3-BF4B-00C04F79EFBC}") = "DiaryBot", "DiaryBot\DiaryBot.csproj", "{CA5D6375-2E6A-486A-AAB0-3C245DEBEC2F}"
EndProject
Global
	GlobalSection(SolutionConfigurationPlatforms) = preSolution
		Debug|Any CPU = Debug|Any CPU
		Release|Any CPU = Release|Any CPU
	EndGlobalSection
	GlobalSection(ProjectConfigurationPlatforms) = postSolution
		{CA5D6375-2E6A-486A-AAB0-3C245DEBEC2F}.Debug|Any CPU.ActiveCfg = Debug|Any CPU
		{CA5D6375-2E6A-486A-AAB0-3C245DEBEC2F}.Debug|Any CPU.Build.0 = Debug|Any CPU
		{CA5D6375-2E6A-486A-AAB0-3C245DEBEC2F}.Release|Any CPU.ActiveCfg = Release|Any CPU
		{CA5D6375-2E6A-486A-AAB0-3C245DEBEC2F}.Release|Any CPU.Build.0 = Release|Any CPU
	EndGlobalSection
EndGlobal
